
Microsoft Visual Studio Solution File, Format Version 12.00
# Visual Studio 15
VisualStudioVersion = 15.0.27004.2008
MinimumVisualStudioVersion = 10.0.40219.1
Project("{8BC9CEB8-8B4A-11D0-8D11-00A0C91BC942}") = "Labb2", "Labb2\Labb2.vcxproj", "{AC6E4B6C-4AAC-448C-AA51-1B68A5181204}"
EndProject
Global
	GlobalSection(SolutionConfigurationPlatforms) = preSolution
		Debug|x64 = Debug|x64
		Debug|x86 = Debug|x86
		Release|x64 = Release|x64
		Release|x86 = Release|x86
	EndGlobalSection
	GlobalSection(ProjectConfigurationPlatforms) = postSolution
		{AC6E4B6C-4AAC-448C-AA51-1B68A5181204}.Debug|x64.ActiveCfg = Debug|x64
		{AC6E4B6C-4AAC-448C-AA51-1B68A5181204}.Debug|x64.Build.0 = Debug|x64
		{AC6E4B6C-4AAC-448C-AA51-1B68A5181204}.Debug|x86.ActiveCfg = Debug|Win32
		{AC6E4B6C-4AAC-448C-AA51-1B68A5181204}.Debug|x86.Build.0 = Debug|Win32
		{AC6E4B6C-4AAC-448C-AA51-1B68A5181204}.Release|x64.ActiveCfg = Release|x64
		{AC6E4B6C-4AAC-448C-AA51-1B68A5181204}.Release|x64.Build.0 = Release|x64
		{AC6E4B6C-4AAC-448C-AA51-1B68A5181204}.Release|x86.ActiveCfg = Release|Win32
		{AC6E4B6C-4AAC-448C-AA51-1B68A5181204}.Release|x86.Build.0 = Release|Win32
	EndGlobalSection
	GlobalSection(SolutionProperties) = preSolution
		HideSolutionNode = FALSE
	EndGlobalSection
	GlobalSection(ExtensibilityGlobals) = postSolution
		SolutionGuid = {D670D072-78CC-4E0C-95BA-473A6EBA5B04}
	EndGlobalSection
EndGlobal
